
Microsoft Visual Studio Solution File, Format Version 12.00
# Visual Studio Version 17
VisualStudioVersion = 17.14.36301.6 d17.14
MinimumVisualStudioVersion = 10.0.40219.1
Project("{FAE04EC0-301F-11D3-BF4B-00C04F79EFBC}") = "TaskFlow", "TaskFlow.csproj", "{83A44B38-646C-4444-91E5-873F7A853F87}"
EndProject
Global
	GlobalSection(SolutionConfigurationPlatforms) = preSolution
		Debug|Any CPU = Debug|Any CPU
		Release|Any CPU = Release|Any CPU
	EndGlobalSection
	GlobalSection(ProjectConfigurationPlatforms) = postSolution
		{83A44B38-646C-4444-91E5-873F7A853F87}.Debug|Any CPU.ActiveCfg = Debug|Any CPU
		{83A44B38-646C-4444-91E5-873F7A853F87}.Debug|Any CPU.Build.0 = Debug|Any CPU
		{83A44B38-646C-4444-91E5-873F7A853F87}.Release|Any CPU.ActiveCfg = Release|Any CPU
		{83A44B38-646C-4444-91E5-873F7A853F87}.Release|Any CPU.Build.0 = Release|Any CPU
	EndGlobalSection
	GlobalSection(SolutionProperties) = preSolution
		HideSolutionNode = FALSE
	EndGlobalSection
	GlobalSection(ExtensibilityGlobals) = postSolution
		SolutionGuid = {0890B9E4-4D01-442D-934E-EED5E77E71BD}
	EndGlobalSection
EndGlobal
